
Microsoft Visual Studio Solution File, Format Version 12.00
# Visual Studio Version 17
VisualStudioVersion = 17.11.35222.181
MinimumVisualStudioVersion = 10.0.40219.1
Project("{FAE04EC0-301F-11D3-BF4B-00C04F79EFBC}") = "odev4", "odev4\odev4.csproj", "{992C43B7-41A3-4A0E-98D8-73FBB27FF25B}"
EndProject
Global
	GlobalSection(SolutionConfigurationPlatforms) = preSolution
		Debug|Any CPU = Debug|Any CPU
		Release|Any CPU = Release|Any CPU
	EndGlobalSection
	GlobalSection(ProjectConfigurationPlatforms) = postSolution
		{992C43B7-41A3-4A0E-98D8-73FBB27FF25B}.Debug|Any CPU.ActiveCfg = Debug|Any CPU
		{992C43B7-41A3-4A0E-98D8-73FBB27FF25B}.Debug|Any CPU.Build.0 = Debug|Any CPU
		{992C43B7-41A3-4A0E-98D8-73FBB27FF25B}.Release|Any CPU.ActiveCfg = Release|Any CPU
		{992C43B7-41A3-4A0E-98D8-73FBB27FF25B}.Release|Any CPU.Build.0 = Release|Any CPU
	EndGlobalSection
	GlobalSection(SolutionProperties) = preSolution
		HideSolutionNode = FALSE
	EndGlobalSection
	GlobalSection(ExtensibilityGlobals) = postSolution
		SolutionGuid = {FC0BB76F-6CCF-40FD-81FA-1CCE339DAE2E}
	EndGlobalSection
EndGlobal
